
Microsoft Visual Studio Solution File, Format Version 12.00
# Visual Studio Version 17
VisualStudioVersion = 17.9.34723.18
MinimumVisualStudioVersion = 10.0.40219.1
Project("{8BC9CEB8-8B4A-11D0-8D11-00A0C91BC942}") = "GUI", "GUI\GUI.vcxproj", "{CE6751C8-18BB-40D9-98C9-FF01F69B2039}"
EndProject
Global
	GlobalSection(SolutionConfigurationPlatforms) = preSolution
		Debug|x64 = Debug|x64
		Debug|x86 = Debug|x86
		Release|x64 = Release|x64
		Release|x86 = Release|x86
	EndGlobalSection
	GlobalSection(ProjectConfigurationPlatforms) = postSolution
		{CE6751C8-18BB-40D9-98C9-FF01F69B2039}.Debug|x64.ActiveCfg = Debug|x64
		{CE6751C8-18BB-40D9-98C9-FF01F69B2039}.Debug|x64.Build.0 = Debug|x64
		{CE6751C8-18BB-40D9-98C9-FF01F69B2039}.Debug|x86.ActiveCfg = Debug|Win32
		{CE6751C8-18BB-40D9-98C9-FF01F69B2039}.Debug|x86.Build.0 = Debug|Win32
		{CE6751C8-18BB-40D9-98C9-FF01F69B2039}.Release|x64.ActiveCfg = Release|x64
		{CE6751C8-18BB-40D9-98C9-FF01F69B2039}.Release|x64.Build.0 = Release|x64
		{CE6751C8-18BB-40D9-98C9-FF01F69B2039}.Release|x86.ActiveCfg = Release|Win32
		{CE6751C8-18BB-40D9-98C9-FF01F69B2039}.Release|x86.Build.0 = Release|Win32
	EndGlobalSection
	GlobalSection(SolutionProperties) = preSolution
		HideSolutionNode = FALSE
	EndGlobalSection
	GlobalSection(ExtensibilityGlobals) = postSolution
		SolutionGuid = {95E61F5F-AFDB-4E35-85C2-9A2D52DF46AB}
	EndGlobalSection
EndGlobal
